Microsoft Visual Studio Solution File, Format Version 12.00
# Visual Studio Version 17
VisualStudioVersion = 17.5.2.0
MinimumVisualStudioVersion = 10.0.40219.1
Project("{FAE04EC0-301F-11D3-BF4B-00C04F79EFBC}") = "ClientSlave", "ClientSlave\ClientSlave.csproj", "{B0510222-5EEE-6623-2187-BB1AA461AB8C}"
EndProject
Project("{FAE04EC0-301F-11D3-BF4B-00C04F79EFBC}") = "ServerMaster", "ServerMaster\ServerMaster.csproj", "{C9E5A95E-FCB5-6252-AA6F-BA66EF639737}"
EndProject
Global
	GlobalSection(SolutionConfigurationPlatforms) = preSolution
		Debug|Any CPU = Debug|Any CPU
		Release|Any CPU = Release|Any CPU
	EndGlobalSection
	GlobalSection(ProjectConfigurationPlatforms) = postSolution
		{B0510222-5EEE-6623-2187-BB1AA461AB8C}.Debug|Any CPU.ActiveCfg = Debug|Any CPU
		{B0510222-5EEE-6623-2187-BB1AA461AB8C}.Debug|Any CPU.Build.0 = Debug|Any CPU
		{B0510222-5EEE-6623-2187-BB1AA461AB8C}.Release|Any CPU.ActiveCfg = Release|Any CPU
		{B0510222-5EEE-6623-2187-BB1AA461AB8C}.Release|Any CPU.Build.0 = Release|Any CPU
		{C9E5A95E-FCB5-6252-AA6F-BA66EF639737}.Debug|Any CPU.ActiveCfg = Debug|Any CPU
		{C9E5A95E-FCB5-6252-AA6F-BA66EF639737}.Debug|Any CPU.Build.0 = Debug|Any CPU
		{C9E5A95E-FCB5-6252-AA6F-BA66EF639737}.Release|Any CPU.ActiveCfg = Release|Any CPU
		{C9E5A95E-FCB5-6252-AA6F-BA66EF639737}.Release|Any CPU.Build.0 = Release|Any CPU
	EndGlobalSection
	GlobalSection(SolutionProperties) = preSolution
		HideSolutionNode = FALSE
	EndGlobalSection
	GlobalSection(ExtensibilityGlobals) = postSolution
		SolutionGuid = {32A25D2E-FEF6-4B72-A122-C181A826EB2F}
	EndGlobalSection
EndGlobal
